{
  "nodes": {
    "home": {
      "inputs": {
        "nixpkgs": "nixpkgs"
      },
      "locked": {
        "lastModified": 1591751635,
        "narHash": "sha256-KgGtyFlkI/fsp+j8VEgJ/ynY9B91aX35Xp04HlDLRTo=",
        "owner": "rycee",
        "repo": "home-manager",
        "rev": "b3fee796fcd5531693d9b84ece76ad6836bb1cfa",
        "type": "github"
      },
      "original": {
        "owner": "rycee",
        "ref": "bqv-flakes",
        "repo": "home-manager",
        "type": "github"
      }
    },
    "master": {
      "locked": {
        "lastModified": 1596879165,
        "narHash": "sha256-1dPeL4JKC5JcMhDt/rsqa7kvIpvzKvAiB3/fkseoV/M=",
        "owner": "NixOS",
        "repo": "nixpkgs",
        "rev": "ed9363d52158b11424e829521f8390745ab223c3",
        "type": "github"
      },
      "original": {
        "id": "nixpkgs",
        "ref": "master",
        "type": "indirect"
      }
    },
    "nixos": {
      "locked": {
        "lastModified": 1596787272,
        "narHash": "sha256-3/xVkvtLtU+NfXhdsMecBDeQIg3O8Ms/xgdL0bgPL6Y=",
        "owner": "NixOS",
        "repo": "nixpkgs",
        "rev": "4364ff933ebec0ef856912b182f4f9272aa7f98f",
        "type": "github"
      },
      "original": {
        "id": "nixpkgs",
        "ref": "release-20.03",
        "type": "indirect"
      }
    },
    "nixpkgs": {
      "locked": {
        "lastModified": 1591748508,
        "narHash": "sha256-GdYYaYsSBgYUhbDT1JJQ7vEgo8FWeW/AW7/qqJuCvRA=",
        "owner": "NixOS",
        "repo": "nixpkgs",
        "rev": "1d8c4410687390f9b8f92dbe6ff39fd8fc2b17c6",
        "type": "github"
      },
      "original": {
        "id": "nixpkgs",
        "type": "indirect"
      }
    },
    "root": {
      "inputs": {
        "home": "home",
        "master": "master",
        "nixos": "nixos"
      }
    }
  },
  "root": "root",
  "version": 7
}
